
Microsoft Visual Studio Solution File, Format Version 12.00
# Visual Studio Version 17
VisualStudioVersion = 17.9.34728.123
MinimumVisualStudioVersion = 10.0.40219.1
Project("{2150E333-8FDC-42A3-9474-1A3956D46DE8}") = "Class7", "Class7", "{C4DA8A0B-322E-4ACE-A4B6-D26885E93884}"
EndProject
Project("{2150E333-8FDC-42A3-9474-1A3956D46DE8}") = "Class2", "Class2", "{D25DBFD7-75B9-4278-A031-29C11C4CE179}"
EndProject
Project("{9A19103F-16F7-4668-BE54-9A1E7A4F7556}") = "Class2Task1", "Class2Task1\Class2Task1.csproj", "{3850E11E-FB6A-4DAB-963E-6D616EEB4175}"
EndProject
Project("{9A19103F-16F7-4668-BE54-9A1E7A4F7556}") = "Class2Task2", "Class2Task2\Class2Task2.csproj", "{A995FC1A-CBEF-4D02-B542-96D332C5E37F}"
EndProject
Project("{9A19103F-16F7-4668-BE54-9A1E7A4F7556}") = "Class2Task3", "Class2Task3\Class2Task3.csproj", "{6A7A4DB8-C3EA-450D-A961-79809D0B23B4}"
EndProject
Project("{2150E333-8FDC-42A3-9474-1A3956D46DE8}") = "C# DateTime", "C# DateTime", "{DCB531FC-FC9A-47CB-9C1C-E8CED6CECE1F}"
EndProject
Project("{9A19103F-16F7-4668-BE54-9A1E7A4F7556}") = "DateAndTime", "DateAndTime\DateAndTime.csproj", "{9DBBAC26-0911-47A6-9F75-302008B996B8}"
EndProject
Project("{2150E333-8FDC-42A3-9474-1A3956D46DE8}") = "Class3", "Class3", "{DFDECA72-77C7-4ED3-8128-A27F9F94FDF5}"
EndProject
Project("{9A19103F-16F7-4668-BE54-9A1E7A4F7556}") = "Class3Task1", "Class3Task1\Class3Task1.csproj", "{0D3A8ED6-6C45-4614-AA1E-874F6621DBB8}"
EndProject
Project("{9A19103F-16F7-4668-BE54-9A1E7A4F7556}") = "Class3Task2", "Class3Task2\Class3Task2.csproj", "{7B6B32D0-9598-4D63-952E-B02A8C293AD7}"
EndProject
Project("{2150E333-8FDC-42A3-9474-1A3956D46DE8}") = "Class4", "Class4", "{7A5E68BE-ED9D-4022-B1F8-C4522E8806B0}"
EndProject
Project("{9A19103F-16F7-4668-BE54-9A1E7A4F7556}") = "Class4Task1", "Class4Task1\Class4Task1.csproj", "{6C2FDFD6-78A2-4EC1-BDE4-ED17ABED8B37}"
EndProject
Project("{2150E333-8FDC-42A3-9474-1A3956D46DE8}") = "Class5", "Class5", "{5AEB1516-5DE6-460C-A074-9DA2BE4839FE}"
EndProject
Project("{9A19103F-16F7-4668-BE54-9A1E7A4F7556}") = "ClassesOOPClass5", "ClassesOOP1\ClassesOOPClass5.csproj", "{27EFF031-A4B7-484A-AB8D-30FEDA45964C}"
EndProject
Project("{9A19103F-16F7-4668-BE54-9A1E7A4F7556}") = "Class7Task1", "ClassesOOPClass7\Class7Task1.csproj", "{31D8D19A-18EB-4633-A156-0022733E4A8A}"
EndProject
Project("{2150E333-8FDC-42A3-9474-1A3956D46DE8}") = "Class8", "Class8", "{74942C72-5E34-4104-AC76-6586808A2352}"
EndProject
Project("{9A19103F-16F7-4668-BE54-9A1E7A4F7556}") = "Inheritance", "Inheritance\Inheritance.csproj", "{71EE44A5-5092-42AD-A93D-AAB21B8291B3}"
EndProject
Project("{9A19103F-16F7-4668-BE54-9A1E7A4F7556}") = "AnotherConsoleApp", "Reference\AnotherConsoleApp.csproj", "{E879ED9F-7E05-4DD7-9F9E-BE60ACA48527}"
EndProject
Project("{9A19103F-16F7-4668-BE54-9A1E7A4F7556}") = "CommonModels", "CommonModels\CommonModels.csproj", "{99F1B44D-C7D9-4AE7-8CFD-DFFEF2C9D287}"
EndProject
Project("{2150E333-8FDC-42A3-9474-1A3956D46DE8}") = "Class9", "Class9", "{FA3A528A-08C6-44C6-B6AB-0A0E0AD1F124}"
EndProject
Project("{9A19103F-16F7-4668-BE54-9A1E7A4F7556}") = "CollectionInCSharp", "CollectionInCSharp\CollectionInCSharp.csproj", "{49F07C6C-31CD-4ADB-BC49-1E98DB11160E}"
EndProject
Project("{2150E333-8FDC-42A3-9474-1A3956D46DE8}") = "Homework Collection", "Homework Collection", "{177BA4D2-598E-40FE-9ABF-077081AE9C3C}"
EndProject
Project("{FAE04EC0-301F-11D3-BF4B-00C04F79EFBC}") = "Exercice 1", "Exercice 1\Exercice 1.csproj", "{0E9B6DE4-67AF-4C2A-9905-263B43BEA85C}"
EndProject
Project("{FAE04EC0-301F-11D3-BF4B-00C04F79EFBC}") = "Homework Class 8", "Homework Class 8\Homework Class 8.csproj", "{4F93C09E-8005-44D8-8975-A4864DFF860D}"
EndProject
Project("{2150E333-8FDC-42A3-9474-1A3956D46DE8}") = "Advanced 1", "Advanced 1", "{2F48BC8D-BD11-4722-9E95-072AB5005906}"
EndProject
Project("{FAE04EC0-301F-11D3-BF4B-00C04F79EFBC}") = "Exercice", "Exercice1\Exercice.csproj", "{B509A973-ECEE-4803-9613-61516CC18D2F}"
EndProject
Global
	GlobalSection(SolutionConfigurationPlatforms) = preSolution
		Debug|Any CPU = Debug|Any CPU
		Release|Any CPU = Release|Any CPU
	EndGlobalSection
	GlobalSection(ProjectConfigurationPlatforms) = postSolution
		{3850E11E-FB6A-4DAB-963E-6D616EEB4175}.Debug|Any CPU.ActiveCfg = Debug|Any CPU
		{3850E11E-FB6A-4DAB-963E-6D616EEB4175}.Debug|Any CPU.Build.0 = Debug|Any CPU
		{3850E11E-FB6A-4DAB-963E-6D616EEB4175}.Release|Any CPU.ActiveCfg = Release|Any CPU
		{3850E11E-FB6A-4DAB-963E-6D616EEB4175}.Release|Any CPU.Build.0 = Release|Any CPU
		{A995FC1A-CBEF-4D02-B542-96D332C5E37F}.Debug|Any CPU.ActiveCfg = Debug|Any CPU
		{A995FC1A-CBEF-4D02-B542-96D332C5E37F}.Debug|Any CPU.Build.0 = Debug|Any CPU
		{A995FC1A-CBEF-4D02-B542-96D332C5E37F}.Release|Any CPU.ActiveCfg = Release|Any CPU
		{A995FC1A-CBEF-4D02-B542-96D332C5E37F}.Release|Any CPU.Build.0 = Release|Any CPU
		{6A7A4DB8-C3EA-450D-A961-79809D0B23B4}.Debug|Any CPU.ActiveCfg = Debug|Any CPU
		{6A7A4DB8-C3EA-450D-A961-79809D0B23B4}.Debug|Any CPU.Build.0 = Debug|Any CPU
		{6A7A4DB8-C3EA-450D-A961-79809D0B23B4}.Release|Any CPU.ActiveCfg = Release|Any CPU
		{6A7A4DB8-C3EA-450D-A961-79809D0B23B4}.Release|Any CPU.Build.0 = Release|Any CPU
		{9DBBAC26-0911-47A6-9F75-302008B996B8}.Debug|Any CPU.ActiveCfg = Debug|Any CPU
		{9DBBAC26-0911-47A6-9F75-302008B996B8}.Debug|Any CPU.Build.0 = Debug|Any CPU
		{9DBBAC26-0911-47A6-9F75-302008B996B8}.Release|Any CPU.ActiveCfg = Release|Any CPU
		{9DBBAC26-0911-47A6-9F75-302008B996B8}.Release|Any CPU.Build.0 = Release|Any CPU
		{0D3A8ED6-6C45-4614-AA1E-874F6621DBB8}.Debug|Any CPU.ActiveCfg = Debug|Any CPU
		{0D3A8ED6-6C45-4614-AA1E-874F6621DBB8}.Debug|Any CPU.Build.0 = Debug|Any CPU
		{0D3A8ED6-6C45-4614-AA1E-874F6621DBB8}.Release|Any CPU.ActiveCfg = Release|Any CPU
		{0D3A8ED6-6C45-4614-AA1E-874F6621DBB8}.Release|Any CPU.Build.0 = Release|Any CPU
		{7B6B32D0-9598-4D63-952E-B02A8C293AD7}.Debug|Any CPU.ActiveCfg = Debug|Any CPU
		{7B6B32D0-9598-4D63-952E-B02A8C293AD7}.Debug|Any CPU.Build.0 = Debug|Any CPU
		{7B6B32D0-9598-4D63-952E-B02A8C293AD7}.Release|Any CPU.ActiveCfg = Release|Any CPU
		{7B6B32D0-9598-4D63-952E-B02A8C293AD7}.Release|Any CPU.Build.0 = Release|Any CPU
		{6C2FDFD6-78A2-4EC1-BDE4-ED17ABED8B37}.Debug|Any CPU.ActiveCfg = Debug|Any CPU
		{6C2FDFD6-78A2-4EC1-BDE4-ED17ABED8B37}.Debug|Any CPU.Build.0 = Debug|Any CPU
		{6C2FDFD6-78A2-4EC1-BDE4-ED17ABED8B37}.Release|Any CPU.ActiveCfg = Release|Any CPU
		{6C2FDFD6-78A2-4EC1-BDE4-ED17ABED8B37}.Release|Any CPU.Build.0 = Release|Any CPU
		{27EFF031-A4B7-484A-AB8D-30FEDA45964C}.Debug|Any CPU.ActiveCfg = Debug|Any CPU
		{27EFF031-A4B7-484A-AB8D-30FEDA45964C}.Debug|Any CPU.Build.0 = Debug|Any CPU
		{27EFF031-A4B7-484A-AB8D-30FEDA45964C}.Release|Any CPU.ActiveCfg = Release|Any CPU
		{27EFF031-A4B7-484A-AB8D-30FEDA45964C}.Release|Any CPU.Build.0 = Release|Any CPU
		{31D8D19A-18EB-4633-A156-0022733E4A8A}.Debug|Any CPU.ActiveCfg = Debug|Any CPU
		{31D8D19A-18EB-4633-A156-0022733E4A8A}.Debug|Any CPU.Build.0 = Debug|Any CPU
		{31D8D19A-18EB-4633-A156-0022733E4A8A}.Release|Any CPU.ActiveCfg = Release|Any CPU
		{31D8D19A-18EB-4633-A156-0022733E4A8A}.Release|Any CPU.Build.0 = Release|Any CPU
		{71EE44A5-5092-42AD-A93D-AAB21B8291B3}.Debug|Any CPU.ActiveCfg = Debug|Any CPU
		{71EE44A5-5092-42AD-A93D-AAB21B8291B3}.Debug|Any CPU.Build.0 = Debug|Any CPU
		{71EE44A5-5092-42AD-A93D-AAB21B8291B3}.Release|Any CPU.ActiveCfg = Release|Any CPU
		{71EE44A5-5092-42AD-A93D-AAB21B8291B3}.Release|Any CPU.Build.0 = Release|Any CPU
		{E879ED9F-7E05-4DD7-9F9E-BE60ACA48527}.Debug|Any CPU.ActiveCfg = Debug|Any CPU
		{E879ED9F-7E05-4DD7-9F9E-BE60ACA48527}.Debug|Any CPU.Build.0 = Debug|Any CPU
		{E879ED9F-7E05-4DD7-9F9E-BE60ACA48527}.Release|Any CPU.ActiveCfg = Release|Any CPU
		{E879ED9F-7E05-4DD7-9F9E-BE60ACA48527}.Release|Any CPU.Build.0 = Release|Any CPU
		{99F1B44D-C7D9-4AE7-8CFD-DFFEF2C9D287}.Debug|Any CPU.ActiveCfg = Debug|Any CPU
		{99F1B44D-C7D9-4AE7-8CFD-DFFEF2C9D287}.Debug|Any CPU.Build.0 = Debug|Any CPU
		{99F1B44D-C7D9-4AE7-8CFD-DFFEF2C9D287}.Release|Any CPU.ActiveCfg = Release|Any CPU
		{99F1B44D-C7D9-4AE7-8CFD-DFFEF2C9D287}.Release|Any CPU.Build.0 = Release|Any CPU
		{49F07C6C-31CD-4ADB-BC49-1E98DB11160E}.Debug|Any CPU.ActiveCfg = Debug|Any CPU
		{49F07C6C-31CD-4ADB-BC49-1E98DB11160E}.Debug|Any CPU.Build.0 = Debug|Any CPU
		{49F07C6C-31CD-4ADB-BC49-1E98DB11160E}.Release|Any CPU.ActiveCfg = Release|Any CPU
		{49F07C6C-31CD-4ADB-BC49-1E98DB11160E}.Release|Any CPU.Build.0 = Release|Any CPU
		{0E9B6DE4-67AF-4C2A-9905-263B43BEA85C}.Debug|Any CPU.ActiveCfg = Debug|Any CPU
		{0E9B6DE4-67AF-4C2A-9905-263B43BEA85C}.Debug|Any CPU.Build.0 = Debug|Any CPU
		{0E9B6DE4-67AF-4C2A-9905-263B43BEA85C}.Release|Any CPU.ActiveCfg = Release|Any CPU
		{0E9B6DE4-67AF-4C2A-9905-263B43BEA85C}.Release|Any CPU.Build.0 = Release|Any CPU
		{4F93C09E-8005-44D8-8975-A4864DFF860D}.Debug|Any CPU.ActiveCfg = Debug|Any CPU
		{4F93C09E-8005-44D8-8975-A4864DFF860D}.Debug|Any CPU.Build.0 = Debug|Any CPU
		{4F93C09E-8005-44D8-8975-A4864DFF860D}.Release|Any CPU.ActiveCfg = Release|Any CPU
		{4F93C09E-8005-44D8-8975-A4864DFF860D}.Release|Any CPU.Build.0 = Release|Any CPU
		{B509A973-ECEE-4803-9613-61516CC18D2F}.Debug|Any CPU.ActiveCfg = Debug|Any CPU
		{B509A973-ECEE-4803-9613-61516CC18D2F}.Debug|Any CPU.Build.0 = Debug|Any CPU
		{B509A973-ECEE-4803-9613-61516CC18D2F}.Release|Any CPU.ActiveCfg = Release|Any CPU
		{B509A973-ECEE-4803-9613-61516CC18D2F}.Release|Any CPU.Build.0 = Release|Any CPU
	EndGlobalSection
	GlobalSection(SolutionProperties) = preSolution
		HideSolutionNode = FALSE
	EndGlobalSection
	GlobalSection(NestedProjects) = preSolution
		{3850E11E-FB6A-4DAB-963E-6D616EEB4175} = {D25DBFD7-75B9-4278-A031-29C11C4CE179}
		{A995FC1A-CBEF-4D02-B542-96D332C5E37F} = {D25DBFD7-75B9-4278-A031-29C11C4CE179}
		{6A7A4DB8-C3EA-450D-A961-79809D0B23B4} = {D25DBFD7-75B9-4278-A031-29C11C4CE179}
		{9DBBAC26-0911-47A6-9F75-302008B996B8} = {DCB531FC-FC9A-47CB-9C1C-E8CED6CECE1F}
		{0D3A8ED6-6C45-4614-AA1E-874F6621DBB8} = {DFDECA72-77C7-4ED3-8128-A27F9F94FDF5}
		{7B6B32D0-9598-4D63-952E-B02A8C293AD7} = {DFDECA72-77C7-4ED3-8128-A27F9F94FDF5}
		{6C2FDFD6-78A2-4EC1-BDE4-ED17ABED8B37} = {7A5E68BE-ED9D-4022-B1F8-C4522E8806B0}
		{27EFF031-A4B7-484A-AB8D-30FEDA45964C} = {5AEB1516-5DE6-460C-A074-9DA2BE4839FE}
		{31D8D19A-18EB-4633-A156-0022733E4A8A} = {C4DA8A0B-322E-4ACE-A4B6-D26885E93884}
		{71EE44A5-5092-42AD-A93D-AAB21B8291B3} = {74942C72-5E34-4104-AC76-6586808A2352}
		{E879ED9F-7E05-4DD7-9F9E-BE60ACA48527} = {74942C72-5E34-4104-AC76-6586808A2352}
		{99F1B44D-C7D9-4AE7-8CFD-DFFEF2C9D287} = {74942C72-5E34-4104-AC76-6586808A2352}
		{49F07C6C-31CD-4ADB-BC49-1E98DB11160E} = {FA3A528A-08C6-44C6-B6AB-0A0E0AD1F124}
		{177BA4D2-598E-40FE-9ABF-077081AE9C3C} = {FA3A528A-08C6-44C6-B6AB-0A0E0AD1F124}
		{0E9B6DE4-67AF-4C2A-9905-263B43BEA85C} = {177BA4D2-598E-40FE-9ABF-077081AE9C3C}
		{4F93C09E-8005-44D8-8975-A4864DFF860D} = {177BA4D2-598E-40FE-9ABF-077081AE9C3C}
		{B509A973-ECEE-4803-9613-61516CC18D2F} = {2F48BC8D-BD11-4722-9E95-072AB5005906}
	EndGlobalSection
	GlobalSection(ExtensibilityGlobals) = postSolution
		SolutionGuid = {19ACC9EF-E947-49E0-87CD-EFD0A58844F7}
	EndGlobalSection
EndGlobal
